
Microsoft Visual Studio Solution File, Format Version 12.00
# Visual Studio Version 16
VisualStudioVersion = 16.0.29920.165
MinimumVisualStudioVersion = 10.0.40219.1
Project("{9A19103F-16F7-4668-BE54-9A1E7A4F7556}") = "WebApplicationStageAgoraz", "WebApplicationStageAgoraz\WebApplicationStageAgoraz.csproj", "{19A342D8-B65C-4899-BFCE-8DDF9E274BFC}"
EndProject
Project("{E53339B2-1760-4266-BCC7-CA923CBCF16C}") = "docker-compose", "docker-compose.dcproj", "{79E38B60-F1C1-4A71-A2D0-A55E80CC9037}"
EndProject
Global
	GlobalSection(SolutionConfigurationPlatforms) = preSolution
		Debug|Any CPU = Debug|Any CPU
		Release|Any CPU = Release|Any CPU
	EndGlobalSection
	GlobalSection(ProjectConfigurationPlatforms) = postSolution
		{19A342D8-B65C-4899-BFCE-8DDF9E274BFC}.Debug|Any CPU.ActiveCfg = Debug|Any CPU
		{19A342D8-B65C-4899-BFCE-8DDF9E274BFC}.Debug|Any CPU.Build.0 = Debug|Any CPU
		{19A342D8-B65C-4899-BFCE-8DDF9E274BFC}.Release|Any CPU.ActiveCfg = Release|Any CPU
		{19A342D8-B65C-4899-BFCE-8DDF9E274BFC}.Release|Any CPU.Build.0 = Release|Any CPU
		{79E38B60-F1C1-4A71-A2D0-A55E80CC9037}.Debug|Any CPU.ActiveCfg = Debug|Any CPU
		{79E38B60-F1C1-4A71-A2D0-A55E80CC9037}.Debug|Any CPU.Build.0 = Debug|Any CPU
		{79E38B60-F1C1-4A71-A2D0-A55E80CC9037}.Release|Any CPU.ActiveCfg = Release|Any CPU
		{79E38B60-F1C1-4A71-A2D0-A55E80CC9037}.Release|Any CPU.Build.0 = Release|Any CPU
	EndGlobalSection
	GlobalSection(SolutionProperties) = preSolution
		HideSolutionNode = FALSE
	EndGlobalSection
	GlobalSection(ExtensibilityGlobals) = postSolution
		SolutionGuid = {4F43C2D6-528D-46EE-A186-896BB28245B1}
	EndGlobalSection
EndGlobal
